
Microsoft Visual Studio Solution File, Format Version 12.00
# Visual Studio 15
VisualStudioVersion = 15.0.26730.10
MinimumVisualStudioVersion = 10.0.40219.1
Project("{9A19103F-16F7-4668-BE54-9A1E7A4F7556}") = "SaM.Domain", "SaM.Domain\SaM.Domain.csproj", "{8339F621-126A-4C03-8FEB-0CC90FBA25CF}"
EndProject
Project("{9A19103F-16F7-4668-BE54-9A1E7A4F7556}") = "SaM.BusinessLogic", "SaM.BusinessLogic\SaM.BusinessLogic.csproj", "{222F316E-BC1C-4588-907E-66F9201CBC74}"
EndProject
Project("{9A19103F-16F7-4668-BE54-9A1E7A4F7556}") = "SaM.DataBases", "SaM.DataBases\SaM.DataBases.csproj", "{A4C39A9D-EFE6-482B-8528-25F37D088C18}"
EndProject
Project("{9A19103F-16F7-4668-BE54-9A1E7A4F7556}") = "SaM.Services", "SaM.Services\SaM.Services.csproj", "{4B3CCA36-A1FB-4E71-A023-4FCFB00E183B}"
EndProject
Project("{FAE04EC0-301F-11D3-BF4B-00C04F79EFBC}") = "SaM.Common", "SaM.Common\SaM.Common.csproj", "{4F6F0EC3-EC2D-4C42-AEF6-5E0A7C0011E0}"
Project("{FAE04EC0-301F-11D3-BF4B-00C04F79EFBC}") = "TestDataAccess", "TestDataAccess\TestDataAccess.csproj", "{B67D587E-FC7F-473A-9B8A-B360009E5438}"
EndProject
Global
	GlobalSection(SolutionConfigurationPlatforms) = preSolution
		Debug|Any CPU = Debug|Any CPU
		Release|Any CPU = Release|Any CPU
	EndGlobalSection
	GlobalSection(ProjectConfigurationPlatforms) = postSolution
		{8339F621-126A-4C03-8FEB-0CC90FBA25CF}.Debug|Any CPU.ActiveCfg = Debug|Any CPU
		{8339F621-126A-4C03-8FEB-0CC90FBA25CF}.Debug|Any CPU.Build.0 = Debug|Any CPU
		{8339F621-126A-4C03-8FEB-0CC90FBA25CF}.Release|Any CPU.ActiveCfg = Release|Any CPU
		{8339F621-126A-4C03-8FEB-0CC90FBA25CF}.Release|Any CPU.Build.0 = Release|Any CPU
		{222F316E-BC1C-4588-907E-66F9201CBC74}.Debug|Any CPU.ActiveCfg = Debug|Any CPU
		{222F316E-BC1C-4588-907E-66F9201CBC74}.Debug|Any CPU.Build.0 = Debug|Any CPU
		{222F316E-BC1C-4588-907E-66F9201CBC74}.Release|Any CPU.ActiveCfg = Release|Any CPU
		{222F316E-BC1C-4588-907E-66F9201CBC74}.Release|Any CPU.Build.0 = Release|Any CPU
		{A4C39A9D-EFE6-482B-8528-25F37D088C18}.Debug|Any CPU.ActiveCfg = Debug|Any CPU
		{A4C39A9D-EFE6-482B-8528-25F37D088C18}.Debug|Any CPU.Build.0 = Debug|Any CPU
		{A4C39A9D-EFE6-482B-8528-25F37D088C18}.Release|Any CPU.ActiveCfg = Release|Any CPU
		{A4C39A9D-EFE6-482B-8528-25F37D088C18}.Release|Any CPU.Build.0 = Release|Any CPU
		{4B3CCA36-A1FB-4E71-A023-4FCFB00E183B}.Debug|Any CPU.ActiveCfg = Debug|Any CPU
		{4B3CCA36-A1FB-4E71-A023-4FCFB00E183B}.Debug|Any CPU.Build.0 = Debug|Any CPU
		{4B3CCA36-A1FB-4E71-A023-4FCFB00E183B}.Release|Any CPU.ActiveCfg = Release|Any CPU
		{4B3CCA36-A1FB-4E71-A023-4FCFB00E183B}.Release|Any CPU.Build.0 = Release|Any CPU
	EndGlobalSection
	GlobalSection(SolutionProperties) = preSolution
		HideSolutionNode = FALSE
	EndGlobalSection
	GlobalSection(ExtensibilityGlobals) = postSolution
		SolutionGuid = {811D4ADF-050B-4787-81D0-F2B6BC2E4137}
	EndGlobalSection
EndGlobal
